
Microsoft Visual Studio Solution File, Format Version 12.00
# Visual Studio Version 17
VisualStudioVersion = 17.9.34622.214
MinimumVisualStudioVersion = 10.0.40219.1
Project("{FAE04EC0-301F-11D3-BF4B-00C04F79EFBC}") = "QLCVN3.CS", "QLCVN3.CS\QLCVN3.CS.csproj", "{3D1EE46C-7F49-4470-B559-043D9493447B}"
EndProject
Global
	GlobalSection(SolutionConfigurationPlatforms) = preSolution
		Debug|Any CPU = Debug|Any CPU
		Release|Any CPU = Release|Any CPU
	EndGlobalSection
	GlobalSection(ProjectConfigurationPlatforms) = postSolution
		{3D1EE46C-7F49-4470-B559-043D9493447B}.Debug|Any CPU.ActiveCfg = Debug|Any CPU
		{3D1EE46C-7F49-4470-B559-043D9493447B}.Debug|Any CPU.Build.0 = Debug|Any CPU
		{3D1EE46C-7F49-4470-B559-043D9493447B}.Release|Any CPU.ActiveCfg = Release|Any CPU
		{3D1EE46C-7F49-4470-B559-043D9493447B}.Release|Any CPU.Build.0 = Release|Any CPU
	EndGlobalSection
	GlobalSection(SolutionProperties) = preSolution
		HideSolutionNode = FALSE
	EndGlobalSection
	GlobalSection(ExtensibilityGlobals) = postSolution
		SolutionGuid = {4BA17BE7-AED9-4FA6-8AA7-A9FE91AF85AB}
	EndGlobalSection
EndGlobal
